// !$*UTF8*$!
{
	archiveVersion = 1;
	classes = {
	};
	objectVersion = 55;
	objects = {

/* Begin PBXBuildFile section */
		5CEA530327856EA600390017 /* C19SwiftUIApp.swift in Sources */ = {isa = PBXBuildFile; fileRef = 5CEA530227856EA600390017 /* C19SwiftUIApp.swift */; };
		5CEA530527856EA600390017 /* ContentView.swift in Sources */ = {isa = PBXBuildFile; fileRef = 5CEA530427856EA600390017 /* ContentView.swift */; };
		5CEA530727856EA700390017 /* Assets.xcassets in Resources */ = {isa = PBXBuildFile; fileRef = 5CEA530627856EA700390017 /* Assets.xcassets */; };
		5CEA530A27856EA700390017 /* Preview Assets.xcassets in Resources */ = {isa = PBXBuildFile; fileRef = 5CEA530927856EA700390017 /* Preview Assets.xcassets */; };
		5CEA531427856EF200390017 /* graph.json in Resources */ = {isa = PBXBuildFile; fileRef = 5CEA531127856EF200390017 /* graph.json */; };
		5CEA531627856F2500390017 /* LottieView.swift in Sources */ = {isa = PBXBuildFile; fileRef = 5CEA531527856F2500390017 /* LottieView.swift */; };
		5CEA531927856F3700390017 /* Lottie in Frameworks */ = {isa = PBXBuildFile; productRef = 5CEA531827856F3700390017 /* Lottie */; };
		5CEA531B2785708600390017 /* GraphView.swift in Sources */ = {isa = PBXBuildFile; fileRef = 5CEA531A2785708600390017 /* GraphView.swift */; };
		5CEA531D27857F3000390017 /* SplashScreen.swift in Sources */ = {isa = PBXBuildFile; fileRef = 5CEA531C27857F3000390017 /* SplashScreen.swift */; };
		5CEA531F2785894600390017 /* Country.swift in Sources */ = {isa = PBXBuildFile; fileRef = 5CEA531E2785894600390017 /* Country.swift */; };
		5CEA53212785899400390017 /* MainView.swift in Sources */ = {isa = PBXBuildFile; fileRef = 5CEA53202785899400390017 /* MainView.swift */; };
/* End PBXBuildFile section */

/* Begin PBXFileReference section */
		5CEA52FF27856EA600390017 /* C19SwiftUI.app */ = {isa = PBXFileReference; explicitFileType = wrapper.application; includeInIndex = 0; path = C19SwiftUI.app; sourceTree = BUILT_PRODUCTS_DIR; };
		5CEA530227856EA600390017 /* C19SwiftUIApp.swift */ = {isa = PBXFileReference; lastKnownFileType = sourcecode.swift; path = C19SwiftUIApp.swift; sourceTree = "<group>"; };
		5CEA530427856EA600390017 /* ContentView.swift */ = {isa = PBXFileReference; lastKnownFileType = sourcecode.swift; path = ContentView.swift; sourceTree = "<group>"; };
		5CEA530627856EA700390017 /* Assets.xcassets */ = {isa = PBXFileReference; lastKnownFileType = folder.assetcatalog; path = Assets.xcassets; sourceTree = "<group>"; };
		5CEA530927856EA700390017 /* Preview Assets.xcassets */ = {isa = PBXFileReference; lastKnownFileType = folder.assetcatalog; path = "Preview Assets.xcassets"; sourceTree = "<group>"; };
		5CEA531127856EF200390017 /* graph.json */ = {isa = PBXFileReference; fileEncoding = 4; lastKnownFileType = text.json; path = graph.json; sourceTree = "<group>"; };
		5CEA531527856F2500390017 /* LottieView.swift */ = {isa = PBXFileReference; lastKnownFileType = sourcecode.swift; path = LottieView.swift; sourceTree = "<group>"; };
		5CEA531A2785708600390017 /* GraphView.swift */ = {isa = PBXFileReference; lastKnownFileType = sourcecode.swift; path = GraphView.swift; sourceTree = "<group>"; };
		5CEA531C27857F3000390017 /* SplashScreen.swift */ = {isa = PBXFileReference; lastKnownFileType = sourcecode.swift; path = SplashScreen.swift; sourceTree = "<group>"; };
		5CEA531E2785894600390017 /* Country.swift */ = {isa = PBXFileReference; lastKnownFileType = sourcecode.swift; path = Country.swift; sourceTree = "<group>"; };
		5CEA53202785899400390017 /* MainView.swift */ = {isa = PBXFileReference; lastKnownFileType = sourcecode.swift; path = MainView.swift; sourceTree = "<group>"; };
/* End PBXFileReference section */

/* Begin PBXFrameworksBuildPhase section */
		5CEA52FC27856EA600390017 /* Frameworks */ = {
			isa = PBXFrameworksBuildPhase;
			buildActionMask = 2147483647;
			files = (
				5CEA531927856F3700390017 /* Lottie in Frameworks */,
			);
			runOnlyForDeploymentPostprocessing = 0;
		};
/* End PBXFrameworksBuildPhase section */

/* Begin PBXGroup section */
		5CEA52F627856EA500390017 = {
			isa = PBXGroup;
			children = (
				5CEA530127856EA600390017 /* C19SwiftUI */,
				5CEA530027856EA600390017 /* Products */,
			);
			sourceTree = "<group>";
		};
		5CEA530027856EA600390017 /* Products */ = {
			isa = PBXGroup;
			children = (
				5CEA52FF27856EA600390017 /* C19SwiftUI.app */,
			);
			name = Products;
			sourceTree = "<group>";
		};
		5CEA530127856EA600390017 /* C19SwiftUI */ = {
			isa = PBXGroup;
			children = (
				5CEA531027856EF200390017 /* Lottie */,
				5CEA531327856EF200390017 /* Model */,
				5CEA531227856EF200390017 /* View */,
				5CEA530227856EA600390017 /* C19SwiftUIApp.swift */,
				5CEA530427856EA600390017 /* ContentView.swift */,
				5CEA530627856EA700390017 /* Assets.xcassets */,
				5CEA530827856EA700390017 /* Preview Content */,
			);
			path = C19SwiftUI;
			sourceTree = "<group>";
		};
		5CEA530827856EA700390017 /* Preview Content */ = {
			isa = PBXGroup;
			children = (
				5CEA530927856EA700390017 /* Preview Assets.xcassets */,
			);
			path = "Preview Content";
			sourceTree = "<group>";
		};
		5CEA531027856EF200390017 /* Lottie */ = {
			isa = PBXGroup;
			children = (
				5CEA531127856EF200390017 /* graph.json */,
			);
			path = Lottie;
			sourceTree = "<group>";
		};
		5CEA531227856EF200390017 /* View */ = {
			isa = PBXGroup;
			children = (
				5CEA531527856F2500390017 /* LottieView.swift */,
				5CEA531A2785708600390017 /* GraphView.swift */,
				5CEA531C27857F3000390017 /* SplashScreen.swift */,
				5CEA53202785899400390017 /* MainView.swift */,
			);
			path = View;
			sourceTree = "<group>";
		};
		5CEA531327856EF200390017 /* Model */ = {
			isa = PBXGroup;
			children = (
				5CEA531E2785894600390017 /* Country.swift */,
			);
			path = Model;
			sourceTree = "<group>";
		};
/* End PBXGroup section */

/* Begin PBXNativeTarget section */
		5CEA52FE27856EA600390017 /* C19SwiftUI */ = {
			isa = PBXNativeTarget;
			buildConfigurationList = 5CEA530D27856EA700390017 /* Build configuration list for PBXNativeTarget "C19SwiftUI" */;
			buildPhases = (
				5CEA52FB27856EA600390017 /* Sources */,
				5CEA52FC27856EA600390017 /* Frameworks */,
				5CEA52FD27856EA600390017 /* Resources */,
			);
			buildRules = (
			);
			dependencies = (
			);
			name = C19SwiftUI;
			packageProductDependencies = (
				5CEA531827856F3700390017 /* Lottie */,
			);
			productName = C19SwiftUI;
			productReference = 5CEA52FF27856EA600390017 /* C19SwiftUI.app */;
			productType = "com.apple.product-type.application";
		};
/* End PBXNativeTarget section */

/* Begin PBXProject section */
		5CEA52F727856EA500390017 /* Project object */ = {
			isa = PBXProject;
			attributes = {
				BuildIndependentTargetsInParallel = 1;
				LastSwiftUpdateCheck = 1320;
				LastUpgradeCheck = 1320;
				TargetAttributes = {
					5CEA52FE27856EA600390017 = {
						CreatedOnToolsVersion = 13.2.1;
					};
				};
			};
			buildConfigurationList = 5CEA52FA27856EA500390017 /* Build configuration list for PBXProject "C19SwiftUI" */;
			compatibilityVersion = "Xcode 13.0";
			developmentRegion = en;
			hasScannedForEncodings = 0;
			knownRegions = (
				en,
				Base,
			);
			mainGroup = 5CEA52F627856EA500390017;
			packageReferences = (
				5CEA531727856F3700390017 /* XCRemoteSwiftPackageReference "lottie-ios" */,
			);
			productRefGroup = 5CEA530027856EA600390017 /* Products */;
			projectDirPath = "";
			projectRoot = "";
			targets = (
				5CEA52FE27856EA600390017 /* C19SwiftUI */,
			);
		};
/* End PBXProject section */

/* Begin PBXResourcesBuildPhase section */
		5CEA52FD27856EA600390017 /* Resources */ = {
			isa = PBXResourcesBuildPhase;
			buildActionMask = 2147483647;
			files = (
				5CEA530A27856EA700390017 /* Preview Assets.xcassets in Resources */,
				5CEA531427856EF200390017 /* graph.json in Resources */,
				5CEA530727856EA700390017 /* Assets.xcassets in Resources */,
			);
			runOnlyForDeploymentPostprocessing = 0;
		};
/* End PBXResourcesBuildPhase section */

/* Begin PBXSourcesBuildPhase section */
		5CEA52FB27856EA600390017 /* Sources */ = {
			isa = PBXSourcesBuildPhase;
			buildActionMask = 2147483647;
			files = (
				5CEA531D27857F3000390017 /* SplashScreen.swift in Sources */,
				5CEA53212785899400390017 /* MainView.swift in Sources */,
				5CEA530527856EA600390017 /* ContentView.swift in Sources */,
				5CEA530327856EA600390017 /* C19SwiftUIApp.swift in Sources */,
				5CEA531627856F2500390017 /* LottieView.swift in Sources */,
				5CEA531F2785894600390017 /* Country.swift in Sources */,
				5CEA531B2785708600390017 /* GraphView.swift in Sources */,
			);
			runOnlyForDeploymentPostprocessing = 0;
		};
/* End PBXSourcesBuildPhase section */

/* Begin XCBuildConfiguration section */
		5CEA530B27856EA700390017 /* Debug */ = {
			isa = XCBuildConfiguration;
			buildSettings = {
				ALWAYS_SEARCH_USER_PATHS = NO;
				CLANG_ANALYZER_NONNULL = YES;
				CLANG_ANALYZER_NUMBER_OBJECT_CONVERSION = YES_AGGRESSIVE;
				CLANG_CXX_LANGUAGE_STANDARD = "gnu++17";
				CLANG_CXX_LIBRARY = "libc++";
				CLANG_ENABLE_MODULES = YES;
				CLANG_ENABLE_OBJC_ARC = YES;
				CLANG_ENABLE_OBJC_WEAK = YES;
				CLANG_WARN_BLOCK_CAPTURE_AUTORELEASING = YES;
				CLANG_WARN_BOOL_CONVERSION = YES;
				CLANG_WARN_COMMA = YES;
				CLANG_WARN_CONSTANT_CONVERSION = YES;
				CLANG_WARN_DEPRECATED_OBJC_IMPLEMENTATIONS = YES;
				CLANG_WARN_DIRECT_OBJC_ISA_USAGE = YES_ERROR;
				CLANG_WARN_DOCUMENTATION_COMMENTS = YES;
				CLANG_WARN_EMPTY_BODY = YES;
				CLANG_WARN_ENUM_CONVERSION = YES;
				CLANG_WARN_INFINITE_RECURSION = YES;
				CLANG_WARN_INT_CONVERSION = YES;
				CLANG_WARN_NON_LITERAL_NULL_CONVERSION = YES;
				CLANG_WARN_OBJC_IMPLICIT_RETAIN_SELF = YES;
				CLANG_WARN_OBJC_LITERAL_CONVERSION = YES;
				CLANG_WARN_OBJC_ROOT_CLASS = YES_ERROR;
				CLANG_WARN_QUOTED_INCLUDE_IN_FRAMEWORK_HEADER = YES;
				CLANG_WARN_RANGE_LOOP_ANALYSIS = YES;
				CLANG_WARN_STRICT_PROTOTYPES = YES;
				CLANG_WARN_SUSPICIOUS_MOVE = YES;
				CLANG_WARN_UNGUARDED_AVAILABILITY = YES_AGGRESSIVE;
				CLANG_WARN_UNREACHABLE_CODE = YES;
				CLANG_WARN__DUPLICATE_METHOD_MATCH = YES;
				COPY_PHASE_STRIP = NO;
				DEBUG_INFORMATION_FORMAT = dwarf;
				ENABLE_STRICT_OBJC_MSGSEND = YES;
				ENABLE_TESTABILITY = YES;
				GCC_C_LANGUAGE_STANDARD = gnu11;
				GCC_DYNAMIC_NO_PIC = NO;
				GCC_NO_COMMON_BLOCKS = YES;
				GCC_OPTIMIZATION_LEVEL = 0;
				GCC_PREPROCESSOR_DEFINITIONS = (
					"DEBUG=1",
					"$(inherited)",
				);
				GCC_WARN_64_TO_32_BIT_CONVERSION = YES;
				GCC_WARN_ABOUT_RETURN_TYPE = YES_ERROR;
				GCC_WARN_UNDECLARED_SELECTOR = YES;
				GCC_WARN_UNINITIALIZED_AUTOS = YES_AGGRESSIVE;
				GCC_WARN_UNUSED_FUNCTION = YES;
				GCC_WARN_UNUSED_VARIABLE = YES;
				IPHONEOS_DEPLOYMENT_TARGET = 15.2;
				MTL_ENABLE_DEBUG_INFO = INCLUDE_SOURCE;
				MTL_FAST_MATH = YES;
				ONLY_ACTIVE_ARCH = YES;
				SDKROOT = iphoneos;
				SWIFT_ACTIVE_COMPILATION_CONDITIONS = DEBUG;
				SWIFT_OPTIMIZATION_LEVEL = "-Onone";
			};
			name = Debug;
		};
		5CEA530C27856EA700390017 /* Release */ = {
			isa = XCBuildConfiguration;
			buildSettings = {
				ALWAYS_SEARCH_USER_PATHS = NO;
				CLANG_ANALYZER_NONNULL = YES;
				CLANG_ANALYZER_NUMBER_OBJECT_CONVERSION = YES_AGGRESSIVE;
				CLANG_CXX_LANGUAGE_STANDARD = "gnu++17";
				CLANG_CXX_LIBRARY = "libc++";
				CLANG_ENABLE_MODULES = YES;
				CLANG_ENABLE_OBJC_ARC = YES;
				CLANG_ENABLE_OBJC_WEAK = YES;
				CLANG_WARN_BLOCK_CAPTURE_AUTORELEASING = YES;
				CLANG_WARN_BOOL_CONVERSION = YES;
				CLANG_WARN_COMMA = YES;
				CLANG_WARN_CONSTANT_CONVERSION = YES;
				CLANG_WARN_DEPRECATED_OBJC_IMPLEMENTATIONS = YES;
				CLANG_WARN_DIRECT_OBJC_ISA_USAGE = YES_ERROR;
				CLANG_WARN_DOCUMENTATION_COMMENTS = YES;
				CLANG_WARN_EMPTY_BODY = YES;
				CLANG_WARN_ENUM_CONVERSION = YES;
				CLANG_WARN_INFINITE_RECURSION = YES;
				CLANG_WARN_INT_CONVERSION = YES;
				CLANG_WARN_NON_LITERAL_NULL_CONVERSION = YES;
				CLANG_WARN_OBJC_IMPLICIT_RETAIN_SELF = YES;
				CLANG_WARN_OBJC_LITERAL_CONVERSION = YES;
				CLANG_WARN_OBJC_ROOT_CLASS = YES_ERROR;
				CLANG_WARN_QUOTED_INCLUDE_IN_FRAMEWORK_HEADER = YES;
				CLANG_WARN_RANGE_LOOP_ANALYSIS = YES;
				CLANG_WARN_STRICT_PROTOTYPES = YES;
				CLANG_WARN_SUSPICIOUS_MOVE = YES;
				CLANG_WARN_UNGUARDED_AVAILABILITY = YES_AGGRESSIVE;
				CLANG_WARN_UNREACHABLE_CODE = YES;
				CLANG_WARN__DUPLICATE_METHOD_MATCH = YES;
				COPY_PHASE_STRIP = NO;
				DEBUG_INFORMATION_FORMAT = "dwarf-with-dsym";
				ENABLE_NS_ASSERTIONS = NO;
				ENABLE_STRICT_OBJC_MSGSEND = YES;
				GCC_C_LANGUAGE_STANDARD = gnu11;
				GCC_NO_COMMON_BLOCKS = YES;
				GCC_WARN_64_TO_32_BIT_CONVERSION = YES;
				GCC_WARN_ABOUT_RETURN_TYPE = YES_ERROR;
				GCC_WARN_UNDECLARED_SELECTOR = YES;
				GCC_WARN_UNINITIALIZED_AUTOS = YES_AGGRESSIVE;
				GCC_WARN_UNUSED_FUNCTION = YES;
				GCC_WARN_UNUSED_VARIABLE = YES;
				IPHONEOS_DEPLOYMENT_TARGET = 15.2;
				MTL_ENABLE_DEBUG_INFO = NO;
				MTL_FAST_MATH = YES;
				SDKROOT = iphoneos;
				SWIFT_COMPILATION_MODE = wholemodule;
				SWIFT_OPTIMIZATION_LEVEL = "-O";
				VALIDATE_PRODUCT = YES;
			};
			name = Release;
		};
		5CEA530E27856EA700390017 /* Debug */ = {
			isa = XCBuildConfiguration;
			buildSettings = {
				ASSETCATALOG_COMPILER_APPICON_NAME = AppIcon;
				ASSETCATALOG_COMPILER_GLOBAL_ACCENT_COLOR_NAME = AccentColor;
				CODE_SIGN_STYLE = Automatic;
				CURRENT_PROJECT_VERSION = 1;
				DEVELOPMENT_ASSET_PATHS = "\"C19SwiftUI/Preview Content\"";
				DEVELOPMENT_TEAM = 56ZBSRTSDR;
				ENABLE_PREVIEWS = YES;
				GENERATE_INFOPLIST_FILE = YES;
				INFOPLIST_KEY_UIApplicationSceneManifest_Generation = YES;
				INFOPLIST_KEY_UIApplicationSupportsIndirectInputEvents = YES;
				INFOPLIST_KEY_UILaunchScreen_Generation = YES;
				INFOPLIST_KEY_UISupportedInterfaceOrientations_iPad = "UIInterfaceOrientationPortrait UIInterfaceOrientationPortraitUpsideDown UIInterfaceOrientationLandscapeLeft UIInterfaceOrientationLandscapeRight";
				INFOPLIST_KEY_UISupportedInterfaceOrientations_iPhone = "UIInterfaceOrientationPortrait UIInterfaceOrientationLandscapeLeft UIInterfaceOrientationLandscapeRight";
				LD_RUNPATH_SEARCH_PATHS = (
					"$(inherited)",
					"@executable_path/Frameworks",
				);
				MARKETING_VERSION = 1.0;
				PRODUCT_BUNDLE_IDENTIFIER = com.shreyasvilaschandrabhike.C19SwiftUI;
				PRODUCT_NAME = "$(TARGET_NAME)";
				SWIFT_EMIT_LOC_STRINGS = YES;
				SWIFT_VERSION = 5.0;
				TARGETED_DEVICE_FAMILY = "1,2";
			};
			name = Debug;
		};
		5CEA530F27856EA700390017 /* Release */ = {
			isa = XCBuildConfiguration;
			buildSettings = {
				ASSETCATALOG_COMPILER_APPICON_NAME = AppIcon;
				ASSETCATALOG_COMPILER_GLOBAL_ACCENT_COLOR_NAME = AccentColor;
				CODE_SIGN_STYLE = Automatic;
				CURRENT_PROJECT_VERSION = 1;
				DEVELOPMENT_ASSET_PATHS = "\"C19SwiftUI/Preview Content\"";
				DEVELOPMENT_TEAM = 56ZBSRTSDR;
				ENABLE_PREVIEWS = YES;
				GENERATE_INFOPLIST_FILE = YES;
				INFOPLIST_KEY_UIApplicationSceneManifest_Generation = YES;
				INFOPLIST_KEY_UIApplicationSupportsIndirectInputEvents = YES;
				INFOPLIST_KEY_UILaunchScreen_Generation = YES;
				INFOPLIST_KEY_UISupportedInterfaceOrientations_iPad = "UIInterfaceOrientationPortrait UIInterfaceOrientationPortraitUpsideDown UIInterfaceOrientationLandscapeLeft UIInterfaceOrientationLandscapeRight";
				INFOPLIST_KEY_UISupportedInterfaceOrientations_iPhone = "UIInterfaceOrientationPortrait UIInterfaceOrientationLandscapeLeft UIInterfaceOrientationLandscapeRight";
				LD_RUNPATH_SEARCH_PATHS = (
					"$(inherited)",
					"@executable_path/Frameworks",
				);
				MARKETING_VERSION = 1.0;
				PRODUCT_BUNDLE_IDENTIFIER = com.shreyasvilaschandrabhike.C19SwiftUI;
				PRODUCT_NAME = "$(TARGET_NAME)";
				SWIFT_EMIT_LOC_STRINGS = YES;
				SWIFT_VERSION = 5.0;
				TARGETED_DEVICE_FAMILY = "1,2";
			};
			name = Release;
		};
/* End XCBuildConfiguration section */

/* Begin XCConfigurationList section */
		5CEA52FA27856EA500390017 /* Build configuration list for PBXProject "C19SwiftUI" */ = {
			isa = XCConfigurationList;
			buildConfigurations = (
				5CEA530B27856EA700390017 /* Debug */,
				5CEA530C27856EA700390017 /* Release */,
			);
			defaultConfigurationIsVisible = 0;
			defaultConfigurationName = Release;
		};
		5CEA530D27856EA700390017 /* Build configuration list for PBXNativeTarget "C19SwiftUI" */ = {
			isa = XCConfigurationList;
			buildConfigurations = (
				5CEA530E27856EA700390017 /* Debug */,
				5CEA530F27856EA700390017 /* Release */,
			);
			defaultConfigurationIsVisible = 0;
			defaultConfigurationName = Release;
		};
/* End XCConfigurationList section */

/* Begin XCRemoteSwiftPackageReference section */
		5CEA531727856F3700390017 /* XCRemoteSwiftPackageReference "lottie-ios" */ = {
			isa = XCRemoteSwiftPackageReference;
			repositoryURL = "https://github.com/airbnb/lottie-ios.git";
			requirement = {
				kind = upToNextMajorVersion;
				minimumVersion = 3.0.0;
			};
		};
/* End XCRemoteSwiftPackageReference section */

/* Begin XCSwiftPackageProductDependency section */
		5CEA531827856F3700390017 /* Lottie */ = {
			isa = XCSwiftPackageProductDependency;
			package = 5CEA531727856F3700390017 /* XCRemoteSwiftPackageReference "lottie-ios" */;
			productName = Lottie;
		};
/* End XCSwiftPackageProductDependency section */
	};
	rootObject = 5CEA52F727856EA500390017 /* Project object */;
}
